{
  "name": "tfd-back",
  "version": "0.0.1",
  "lockfileVersion": 3,
  "requires": true,
  "packages": {
    "": {
      "name": "tfd-back",
      "version": "0.0.1",
      "license": "MIT",
      "dependencies": {
        "glob": "11.0.0",
        "log4js": "^6.5.2",
        "mongodb": "5.9.2",
        "redis": "^4.6.10",
        "tms-koa": "0.2.14",
        "tms-koa-account": "0.2.9",
        "tms-koa-captcha": "0.2.5"
      },
      "devDependencies": {
        "@types/node": "22.7.4",
        "rimraf": "^6.0.1"
      }
    },
    "../../node_modules/.pnpm/@types+node@22.7.4/node_modules/@types/node": {
      "version": "22.7.4",
      "license": "MIT",
      "dependencies": {
        "undici-types": "~6.19.2"
      }
    },
    "../../node_modules/.pnpm/glob@11.0.0/node_modules/glob": {
      "version": "11.0.0",
      "license": "ISC",
      "dependencies": {
        "foreground-child": "^3.1.0",
        "jackspeak": "^4.0.1",
        "minimatch": "^10.0.0",
        "minipass": "^7.1.2",
        "package-json-from-dist": "^1.0.0",
        "path-scurry": "^2.0.0"
      },
      "bin": {
        "glob": "dist/esm/bin.mjs"
      },
      "devDependencies": {
        "@types/node": "^20.11.30",
        "memfs": "^4.9.3",
        "mkdirp": "^3.0.1",
        "prettier": "^3.2.5",
        "rimraf": "^5.0.7",
        "sync-content": "^1.0.2",
        "tap": "^20.0.3",
        "tshy": "^2.0.1",
        "typedoc": "^0.26.3"
      },
      "engines": {
        "node": "20 || >=22"
      },
      "funding": {
        "url": "https://github.com/sponsors/isaacs"
      }
    },
    "../../node_modules/.pnpm/log4js@6.6.0/node_modules/log4js": {
      "version": "6.6.0",
      "license": "Apache-2.0",
      "dependencies": {
        "date-format": "^4.0.11",
        "debug": "^4.3.4",
        "flatted": "^3.2.5",
        "rfdc": "^1.3.0",
        "streamroller": "^3.1.1"
      },
      "devDependencies": {
        "@commitlint/cli": "^17.0.2",
        "@commitlint/config-conventional": "^17.0.2",
        "@log4js-node/sandboxed-module": "^2.2.1",
        "callsites": "^3.1.0",
        "deep-freeze": "0.0.1",
        "eslint": "^8.16.0",
        "eslint-config-airbnb-base": "^15.0.0",
        "eslint-config-prettier": "^8.5.0",
        "eslint-import-resolver-node": "^0.3.6",
        "eslint-plugin-import": "^2.26.0",
        "eslint-plugin-prettier": "^4.0.0",
        "fs-extra": "^10.1.0",
        "husky": "^8.0.1",
        "is-ci": "^3.0.1",
        "nyc": "^15.1.0",
        "prettier": "^2.6.0",
        "proxyquire": "^2.1.3",
        "tap": "^16.2.0",
        "typescript": "^4.7.2"
      },
      "engines": {
        "node": ">=8.0"
      }
    },
    "../../node_modules/.pnpm/redis@4.6.10/node_modules/redis": {
      "version": "4.6.10",
      "license": "MIT",
      "workspaces": [
        "./packages/*"
      ],
      "dependencies": {
        "@redis/bloom": "1.2.0",
        "@redis/client": "1.5.11",
        "@redis/graph": "1.1.0",
        "@redis/json": "1.0.6",
        "@redis/search": "1.1.5",
        "@redis/time-series": "1.0.5"
      },
      "devDependencies": {
        "@tsconfig/node14": "^14.1.0",
        "gh-pages": "^6.0.0",
        "release-it": "^16.1.5",
        "typescript": "^5.2.2"
      }
    },
    "../../node_modules/.pnpm/rimraf@6.0.1/node_modules/rimraf": {
      "version": "6.0.1",
      "dev": true,
      "license": "ISC",
      "dependencies": {
        "glob": "^11.0.0",
        "package-json-from-dist": "^1.0.0"
      },
      "bin": {
        "rimraf": "dist/esm/bin.mjs"
      },
      "devDependencies": {
        "@types/node": "^20.14.10",
        "mkdirp": "^3.0.1",
        "prettier": "^3.3.2",
        "tap": "^20.0.3",
        "tshy": "^2.0.1",
        "typedoc": "^0.26.3"
      },
      "engines": {
        "node": "20 || >=22"
      },
      "funding": {
        "url": "https://github.com/sponsors/isaacs"
      }
    },
    "../../node_modules/.pnpm/tms-koa-account@0.2.9_@aws-sdk+credential-providers@3.414.0_neo4j-driver@4.4.10_openapi-types@12.1.0_redis@4.6.10/node_modules/tms-koa-account": {
      "version": "0.2.9",
      "license": "MIT",
      "dependencies": {
        "@log4js-node/log4js-api": "^1.0.2",
        "debug": "^4.3.4",
        "dotenv-flow": "^3.1.0",
        "lodash": "^4.17.21",
        "mongodb": "5.6.0",
        "nanoid": "5.0.1",
        "password-validator": "^5.3.0",
        "svg-captcha": "^1.4.0",
        "tms-koa": "0.2.9",
        "tms-koa-crypto": "0.2.5"
      },
      "devDependencies": {
        "@types/node": "^20.5.9",
        "rimraf": "^5.0.1"
      },
      "peerDependencies": {
        "redis": "4.6.10"
      }
    },
    "../../node_modules/.pnpm/tms-koa-captcha@0.2.5_@aws-sdk+credential-providers@3.414.0_neo4j-driver@4.4.10_openapi-types@12.1.0_redis@4.6.10/node_modules/tms-koa-captcha": {
      "version": "0.2.5",
      "license": "MIT",
      "dependencies": {
        "@log4js-node/log4js-api": "^1.0.2",
        "lodash": "^4.17.21",
        "lowdb": "7.0.1",
        "nanoid": "5.0.1",
        "svg-captcha": "^1.4.0",
        "tms-koa": "0.2.5"
      },
      "devDependencies": {
        "@types/node": "^20.5.9",
        "rimraf": "^5.0.1"
      }
    },
    "../../node_modules/.pnpm/tms-koa@0.2.14_@aws-sdk+credential-providers@3.414.0_neo4j-driver@4.4.10_openapi-types@12.1.0_redis@4.6.10/node_modules/tms-koa": {
      "version": "0.2.14",
      "license": "MIT",
      "dependencies": {
        "@koa/cors": "^4.0.0",
        "@koa/router": "^12.0.1",
        "@log4js-node/log4js-api": "^1.0.2",
        "agenda": "^5.0.0",
        "dayjs": "^1.11.7",
        "debug": "^4.3.4",
        "dotenv-flow": "^4.0.0",
        "fs-extra": "^11.1.1",
        "glob": "^10.3.4",
        "jsonwebtoken": "^9.0.2",
        "koa": "^2.14.2",
        "koa-body": "^6.0.1",
        "koa-send": "^5.0.0",
        "koa-static": "^5.0.0",
        "lodash": "^4.17.15",
        "minio": "^7.0.33",
        "mongodb": "5.6.0",
        "prom-client": "^15.0.0",
        "socket.io": "^4.7.2",
        "swagger-jsdoc": "^6.2.0",
        "uuid": "^9.0.0"
      },
      "devDependencies": {
        "@types/formidable": "^3.4.2",
        "@types/koa": "^2.13.8",
        "@types/minio": "^7.0.18",
        "@types/node": "^20.5.9",
        "jest": "^29.7.0",
        "rimraf": "^5.0.1"
      },
      "peerDependencies": {
        "neo4j-driver": "^4.4.2",
        "redis": "^4.6.10"
      }
    },
    "node_modules/@mongodb-js/saslprep": {
      "version": "1.1.9",
      "resolved": "https://registry.npmmirror.com/@mongodb-js/saslprep/-/saslprep-1.1.9.tgz",
      "integrity": "sha512-tVkljjeEaAhCqTzajSdgbQ6gE6f3oneVwa3iXR6csiEwXXOFsiC6Uh9iAjAhXPtqa/XMDHWjjeNH/77m/Yq2dw==",
      "optional": true,
      "dependencies": {
        "sparse-bitfield": "^3.0.3"
      }
    },
    "node_modules/@types/node": {
      "resolved": "../../node_modules/.pnpm/@types+node@22.7.4/node_modules/@types/node",
      "link": true
    },
    "node_modules/@types/webidl-conversions": {
      "version": "7.0.3",
      "resolved": "https://registry.npmmirror.com/@types/webidl-conversions/-/webidl-conversions-7.0.3.tgz",
      "integrity": "sha512-CiJJvcRtIgzadHCYXw7dqEnMNRjhGZlYK05Mj9OyktqV8uVT8fD2BFOB7S1uwBE3Kj2Z+4UyPmFw/Ixgw/LAlA=="
    },
    "node_modules/@types/whatwg-url": {
      "version": "8.2.2",
      "resolved": "https://registry.npmmirror.com/@types/whatwg-url/-/whatwg-url-8.2.2.tgz",
      "integrity": "sha512-FtQu10RWgn3D9U4aazdwIE2yzphmTJREDqNdODHrbrZmmMqI0vMheC/6NE/J1Yveaj8H+ela+YwWTjq5PGmuhA==",
      "dependencies": {
        "@types/node": "*",
        "@types/webidl-conversions": "*"
      }
    },
    "node_modules/bson": {
      "version": "5.5.1",
      "resolved": "https://registry.npmmirror.com/bson/-/bson-5.5.1.tgz",
      "integrity": "sha512-ix0EwukN2EpC0SRWIj/7B5+A6uQMQy6KMREI9qQqvgpkV2frH63T0UDVd1SYedL6dNCmDBYB3QtXi4ISk9YT+g==",
      "engines": {
        "node": ">=14.20.1"
      }
    },
    "node_modules/glob": {
      "resolved": "../../node_modules/.pnpm/glob@11.0.0/node_modules/glob",
      "link": true
    },
    "node_modules/ip-address": {
      "version": "9.0.5",
      "resolved": "https://registry.npmmirror.com/ip-address/-/ip-address-9.0.5.tgz",
      "integrity": "sha512-zHtQzGojZXTwZTHQqra+ETKd4Sn3vgi7uBmlPoXVWZqYvuKmtI0l/VZTjqGmJY9x88GGOaZ9+G9ES8hC4T4X8g==",
      "dependencies": {
        "jsbn": "1.1.0",
        "sprintf-js": "^1.1.3"
      },
      "engines": {
        "node": ">= 12"
      }
    },
    "node_modules/jsbn": {
      "version": "1.1.0",
      "resolved": "https://registry.npmmirror.com/jsbn/-/jsbn-1.1.0.tgz",
      "integrity": "sha512-4bYVV3aAMtDTTu4+xsDYa6sy9GyJ69/amsu9sYF2zqjiEoZA5xJi3BrfX3uY+/IekIu7MwdObdbDWpoZdBv3/A=="
    },
    "node_modules/log4js": {
      "resolved": "../../node_modules/.pnpm/log4js@6.6.0/node_modules/log4js",
      "link": true
    },
    "node_modules/memory-pager": {
      "version": "1.5.0",
      "resolved": "https://registry.npmmirror.com/memory-pager/-/memory-pager-1.5.0.tgz",
      "integrity": "sha512-ZS4Bp4r/Zoeq6+NLJpP+0Zzm0pR8whtGPf1XExKLJBAczGMnSi3It14OiNCStjQjM6NU1okjQGSxgEZN8eBYKg==",
      "optional": true
    },
    "node_modules/mongodb": {
      "version": "5.9.2",
      "resolved": "https://registry.npmmirror.com/mongodb/-/mongodb-5.9.2.tgz",
      "integrity": "sha512-H60HecKO4Bc+7dhOv4sJlgvenK4fQNqqUIlXxZYQNbfEWSALGAwGoyJd/0Qwk4TttFXUOHJ2ZJQe/52ScaUwtQ==",
      "dependencies": {
        "bson": "^5.5.0",
        "mongodb-connection-string-url": "^2.6.0",
        "socks": "^2.7.1"
      },
      "engines": {
        "node": ">=14.20.1"
      },
      "optionalDependencies": {
        "@mongodb-js/saslprep": "^1.1.0"
      },
      "peerDependencies": {
        "@aws-sdk/credential-providers": "^3.188.0",
        "@mongodb-js/zstd": "^1.0.0",
        "kerberos": "^1.0.0 || ^2.0.0",
        "mongodb-client-encryption": ">=2.3.0 <3",
        "snappy": "^7.2.2"
      },
      "peerDependenciesMeta": {
        "@aws-sdk/credential-providers": {
          "optional": true
        },
        "@mongodb-js/zstd": {
          "optional": true
        },
        "kerberos": {
          "optional": true
        },
        "mongodb-client-encryption": {
          "optional": true
        },
        "snappy": {
          "optional": true
        }
      }
    },
    "node_modules/mongodb-connection-string-url": {
      "version": "2.6.0",
      "resolved": "https://registry.npmmirror.com/mongodb-connection-string-url/-/mongodb-connection-string-url-2.6.0.tgz",
      "integrity": "sha512-WvTZlI9ab0QYtTYnuMLgobULWhokRjtC7db9LtcVfJ+Hsnyr5eo6ZtNAt3Ly24XZScGMelOcGtm7lSn0332tPQ==",
      "dependencies": {
        "@types/whatwg-url": "^8.2.1",
        "whatwg-url": "^11.0.0"
      }
    },
    "node_modules/punycode": {
      "version": "2.3.1",
      "resolved": "https://registry.npmmirror.com/punycode/-/punycode-2.3.1.tgz",
      "integrity": "sha512-vYt7UD1U9Wg6138shLtLOvdAu+8DsC/ilFtEVHcH+wydcSpNE20AfSOduf6MkRFahL5FY7X1oU7nKVZFtfq8Fg==",
      "engines": {
        "node": ">=6"
      }
    },
    "node_modules/redis": {
      "resolved": "../../node_modules/.pnpm/redis@4.6.10/node_modules/redis",
      "link": true
    },
    "node_modules/rimraf": {
      "resolved": "../../node_modules/.pnpm/rimraf@6.0.1/node_modules/rimraf",
      "link": true
    },
    "node_modules/smart-buffer": {
      "version": "4.2.0",
      "resolved": "https://registry.npmmirror.com/smart-buffer/-/smart-buffer-4.2.0.tgz",
      "integrity": "sha512-94hK0Hh8rPqQl2xXc3HsaBoOXKV20MToPkcXvwbISWLEs+64sBq5kFgn2kJDHb1Pry9yrP0dxrCI9RRci7RXKg==",
      "engines": {
        "node": ">= 6.0.0",
        "npm": ">= 3.0.0"
      }
    },
    "node_modules/socks": {
      "version": "2.8.3",
      "resolved": "https://registry.npmmirror.com/socks/-/socks-2.8.3.tgz",
      "integrity": "sha512-l5x7VUUWbjVFbafGLxPWkYsHIhEvmF85tbIeFZWc8ZPtoMyybuEhL7Jye/ooC4/d48FgOjSJXgsF/AJPYCW8Zw==",
      "dependencies": {
        "ip-address": "^9.0.5",
        "smart-buffer": "^4.2.0"
      },
      "engines": {
        "node": ">= 10.0.0",
        "npm": ">= 3.0.0"
      }
    },
    "node_modules/sparse-bitfield": {
      "version": "3.0.3",
      "resolved": "https://registry.npmmirror.com/sparse-bitfield/-/sparse-bitfield-3.0.3.tgz",
      "integrity": "sha512-kvzhi7vqKTfkh0PZU+2D2PIllw2ymqJKujUcyPMd9Y75Nv4nPbGJZXNhxsgdQab2BmlDct1YnfQCguEvHr7VsQ==",
      "optional": true,
      "dependencies": {
        "memory-pager": "^1.0.2"
      }
    },
    "node_modules/sprintf-js": {
      "version": "1.1.3",
      "resolved": "https://registry.npmmirror.com/sprintf-js/-/sprintf-js-1.1.3.tgz",
      "integrity": "sha512-Oo+0REFV59/rz3gfJNKQiBlwfHaSESl1pcGyABQsnnIfWOFt6JNj5gCog2U6MLZ//IGYD+nA8nI+mTShREReaA=="
    },
    "node_modules/tms-koa": {
      "resolved": "../../node_modules/.pnpm/tms-koa@0.2.14_@aws-sdk+credential-providers@3.414.0_neo4j-driver@4.4.10_openapi-types@12.1.0_redis@4.6.10/node_modules/tms-koa",
      "link": true
    },
    "node_modules/tms-koa-account": {
      "resolved": "../../node_modules/.pnpm/tms-koa-account@0.2.9_@aws-sdk+credential-providers@3.414.0_neo4j-driver@4.4.10_openapi-types@12.1.0_redis@4.6.10/node_modules/tms-koa-account",
      "link": true
    },
    "node_modules/tms-koa-captcha": {
      "resolved": "../../node_modules/.pnpm/tms-koa-captcha@0.2.5_@aws-sdk+credential-providers@3.414.0_neo4j-driver@4.4.10_openapi-types@12.1.0_redis@4.6.10/node_modules/tms-koa-captcha",
      "link": true
    },
    "node_modules/tr46": {
      "version": "3.0.0",
      "resolved": "https://registry.npmmirror.com/tr46/-/tr46-3.0.0.tgz",
      "integrity": "sha512-l7FvfAHlcmulp8kr+flpQZmVwtu7nfRV7NZujtN0OqES8EL4O4e0qqzL0DC5gAvx/ZC/9lk6rhcUwYvkBnBnYA==",
      "dependencies": {
        "punycode": "^2.1.1"
      },
      "engines": {
        "node": ">=12"
      }
    },
    "node_modules/webidl-conversions": {
      "version": "7.0.0",
      "resolved": "https://registry.npmmirror.com/webidl-conversions/-/webidl-conversions-7.0.0.tgz",
      "integrity": "sha512-VwddBukDzu71offAQR975unBIGqfKZpM+8ZX6ySk8nYhVoo5CYaZyzt3YBvYtRtO+aoGlqxPg/B87NGVZ/fu6g==",
      "engines": {
        "node": ">=12"
      }
    },
    "node_modules/whatwg-url": {
      "version": "11.0.0",
      "resolved": "https://registry.npmmirror.com/whatwg-url/-/whatwg-url-11.0.0.tgz",
      "integrity": "sha512-RKT8HExMpoYx4igMiVMY83lN6UeITKJlBQ+vR/8ZJ8OCdSiN3RwCq+9gH0+Xzj0+5IrM6i4j/6LuvzbZIQgEcQ==",
      "dependencies": {
        "tr46": "^3.0.0",
        "webidl-conversions": "^7.0.0"
      },
      "engines": {
        "node": ">=12"
      }
    }
  }
}
